// !$*UTF8*$!
{
	archiveVersion = 1;
	classes = {
	};
	objectVersion = 46;
	objects = {

/* Begin PBXBuildFile section */
		4163FB201E3BAB25008DA73B /* AppDelegate.swift in Sources */ = {isa = PBXBuildFile; fileRef = 4163FB1F1E3BAB25008DA73B /* AppDelegate.swift */; };
		4163FB221E3BAB25008DA73B /* ViewController.swift in Sources */ = {isa = PBXBuildFile; fileRef = 4163FB211E3BAB25008DA73B /* ViewController.swift */; };
		4163FB251E3BAB25008DA73B /* Main.storyboard in Resources */ = {isa = PBXBuildFile; fileRef = 4163FB231E3BAB25008DA73B /* Main.storyboard */; };
		4163FB271E3BAB25008DA73B /* Images.xcassets in Resources */ = {isa = PBXBuildFile; fileRef = 4163FB261E3BAB25008DA73B /* Images.xcassets */; };
		4163FB2A1E3BAB25008DA73B /* LaunchScreen.storyboard in Resources */ = {isa = PBXBuildFile; fileRef = 4163FB281E3BAB25008DA73B /* LaunchScreen.storyboard */; };
/* End PBXBuildFile section */

/* Begin PBXFileReference section */
		4163FB1C1E3BAB25008DA73B /* Bout Time.app */ = {isa = PBXFileReference; explicitFileType = wrapper.application; includeInIndex = 0; path = "Bout Time.app"; sourceTree = BUILT_PRODUCTS_DIR; };
		4163FB1F1E3BAB25008DA73B /* AppDelegate.swift */ = {isa = PBXFileReference; lastKnownFileType = sourcecode.swift; path = AppDelegate.swift; sourceTree = "<group>"; };
		4163FB211E3BAB25008DA73B /* ViewController.swift */ = {isa = PBXFileReference; lastKnownFileType = sourcecode.swift; path = ViewController.swift; sourceTree = "<group>"; };
		4163FB241E3BAB25008DA73B /* Base */ = {isa = PBXFileReference; lastKnownFileType = file.storyboard; name = Base; path = Base.lproj/Main.storyboard; sourceTree = "<group>"; };
		4163FB261E3BAB25008DA73B /* Images.xcassets */ = {isa = PBXFileReference; lastKnownFileType = folder.assetcatalog; path = Images.xcassets; sourceTree = "<group>"; };
		4163FB291E3BAB25008DA73B /* Base */ = {isa = PBXFileReference; lastKnownFileType = file.storyboard; name = Base; path = Base.lproj/LaunchScreen.storyboard; sourceTree = "<group>"; };
		4163FB2B1E3BAB25008DA73B /* Info.plist */ = {isa = PBXFileReference; lastKnownFileType = text.plist.xml; path = Info.plist; sourceTree = "<group>"; };
/* End PBXFileReference section */

/* Begin PBXFrameworksBuildPhase section */
		4163FB191E3BAB25008DA73B /* Frameworks */ = {
			isa = PBXFrameworksBuildPhase;
			buildActionMask = 2147483647;
			files = (
			);
			runOnlyForDeploymentPostprocessing = 0;
		};
/* End PBXFrameworksBuildPhase section */

/* Begin PBXGroup section */
		41242A861E40B50C00619611 /* Model */ = {
			isa = PBXGroup;
			children = (
			);
			name = Model;
			sourceTree = "<group>";
		};
		41242A871E40B51400619611 /* View */ = {
			isa = PBXGroup;
			children = (
			);
			name = View;
			sourceTree = "<group>";
		};
		41242A881E40B51900619611 /* Controller */ = {
			isa = PBXGroup;
			children = (
				4163FB211E3BAB25008DA73B /* ViewController.swift */,
			);
			name = Controller;
			sourceTree = "<group>";
		};
		41242A891E40B51E00619611 /* Resources */ = {
			isa = PBXGroup;
			children = (
				4163FB261E3BAB25008DA73B /* Images.xcassets */,
				4163FB281E3BAB25008DA73B /* LaunchScreen.storyboard */,
				4163FB2B1E3BAB25008DA73B /* Info.plist */,
			);
			name = Resources;
			sourceTree = "<group>";
		};
		41242A8A1E40B52400619611 /* Services */ = {
			isa = PBXGroup;
			children = (
			);
			name = Services;
			sourceTree = "<group>";
		};
		41242A8B1E40B52B00619611 /* Source */ = {
			isa = PBXGroup;
			children = (
				41242A8F1E40B5AE00619611 /* Data */,
				41242A8E1E40B5A000619611 /* Root */,
			);
			name = Source;
			sourceTree = "<group>";
		};
		41242A8C1E40B56400619611 /* Theme */ = {
			isa = PBXGroup;
			children = (
			);
			name = Theme;
			sourceTree = "<group>";
		};
		41242A8D1E40B56800619611 /* Extensions */ = {
			isa = PBXGroup;
			children = (
			);
			name = Extensions;
			sourceTree = "<group>";
		};
		41242A8E1E40B5A000619611 /* Root */ = {
			isa = PBXGroup;
			children = (
				4163FB1F1E3BAB25008DA73B /* AppDelegate.swift */,
			);
			name = Root;
			sourceTree = "<group>";
		};
		41242A8F1E40B5AE00619611 /* Data */ = {
			isa = PBXGroup;
			children = (
			);
			name = Data;
			sourceTree = "<group>";
		};
		41242A901E40B5C700619611 /* Storyboard */ = {
			isa = PBXGroup;
			children = (
				4163FB231E3BAB25008DA73B /* Main.storyboard */,
			);
			name = Storyboard;
			sourceTree = "<group>";
		};
		4163FB131E3BAB24008DA73B = {
			isa = PBXGroup;
			children = (
				4163FB1E1E3BAB25008DA73B /* Bout Time */,
				4163FB1D1E3BAB25008DA73B /* Products */,
			);
			sourceTree = "<group>";
		};
		4163FB1D1E3BAB25008DA73B /* Products */ = {
			isa = PBXGroup;
			children = (
				4163FB1C1E3BAB25008DA73B /* Bout Time.app */,
			);
			name = Products;
			sourceTree = "<group>";
		};
		4163FB1E1E3BAB25008DA73B /* Bout Time */ = {
			isa = PBXGroup;
			children = (
				41242A861E40B50C00619611 /* Model */,
				41242A871E40B51400619611 /* View */,
				41242A881E40B51900619611 /* Controller */,
				41242A901E40B5C700619611 /* Storyboard */,
				41242A8A1E40B52400619611 /* Services */,
				41242A8D1E40B56800619611 /* Extensions */,
				41242A8C1E40B56400619611 /* Theme */,
				41242A8B1E40B52B00619611 /* Source */,
				41242A891E40B51E00619611 /* Resources */,
			);
			path = "Bout Time";
			sourceTree = "<group>";
		};
/* End PBXGroup section */

/* Begin PBXNativeTarget section */
		4163FB1B1E3BAB25008DA73B /* Bout Time */ = {
			isa = PBXNativeTarget;
			buildConfigurationList = 4163FB2E1E3BAB25008DA73B /* Build configuration list for PBXNativeTarget "Bout Time" */;
			buildPhases = (
				4163FB181E3BAB25008DA73B /* Sources */,
				4163FB191E3BAB25008DA73B /* Frameworks */,
				4163FB1A1E3BAB25008DA73B /* Resources */,
			);
			buildRules = (
			);
			dependencies = (
			);
			name = "Bout Time";
			productName = "Bout Time";
			productReference = 4163FB1C1E3BAB25008DA73B /* Bout Time.app */;
			productType = "com.apple.product-type.application";
		};
/* End PBXNativeTarget section */

/* Begin PBXProject section */
		4163FB141E3BAB24008DA73B /* Project object */ = {
			isa = PBXProject;
			attributes = {
				LastSwiftUpdateCheck = 0820;
				LastUpgradeCheck = 0820;
				ORGANIZATIONNAME = "Muhammad Moaz";
				TargetAttributes = {
					4163FB1B1E3BAB25008DA73B = {
						CreatedOnToolsVersion = 8.2;
						DevelopmentTeam = 69CH9UTLK7;
						ProvisioningStyle = Automatic;
					};
				};
			};
			buildConfigurationList = 4163FB171E3BAB24008DA73B /* Build configuration list for PBXProject "Bout Time" */;
			compatibilityVersion = "Xcode 3.2";
			developmentRegion = English;
			hasScannedForEncodings = 0;
			knownRegions = (
				en,
				Base,
			);
			mainGroup = 4163FB131E3BAB24008DA73B;
			productRefGroup = 4163FB1D1E3BAB25008DA73B /* Products */;
			projectDirPath = "";
			projectRoot = "";
			targets = (
				4163FB1B1E3BAB25008DA73B /* Bout Time */,
			);
		};
/* End PBXProject section */

/* Begin PBXResourcesBuildPhase section */
		4163FB1A1E3BAB25008DA73B /* Resources */ = {
			isa = PBXResourcesBuildPhase;
			buildActionMask = 2147483647;
			files = (
				4163FB2A1E3BAB25008DA73B /* LaunchScreen.storyboard in Resources */,
				4163FB271E3BAB25008DA73B /* Images.xcassets in Resources */,
				4163FB251E3BAB25008DA73B /* Main.storyboard in Resources */,
			);
			runOnlyForDeploymentPostprocessing = 0;
		};
/* End PBXResourcesBuildPhase section */

/* Begin PBXSourcesBuildPhase section */
		4163FB181E3BAB25008DA73B /* Sources */ = {
			isa = PBXSourcesBuildPhase;
			buildActionMask = 2147483647;
			files = (
				4163FB221E3BAB25008DA73B /* ViewController.swift in Sources */,
				4163FB201E3BAB25008DA73B /* AppDelegate.swift in Sources */,
			);
			runOnlyForDeploymentPostprocessing = 0;
		};
/* End PBXSourcesBuildPhase section */

/* Begin PBXVariantGroup section */
		4163FB231E3BAB25008DA73B /* Main.storyboard */ = {
			isa = PBXVariantGroup;
			children = (
				4163FB241E3BAB25008DA73B /* Base */,
			);
			name = Main.storyboard;
			sourceTree = "<group>";
		};
		4163FB281E3BAB25008DA73B /* LaunchScreen.storyboard */ = {
			isa = PBXVariantGroup;
			children = (
				4163FB291E3BAB25008DA73B /* Base */,
			);
			name = LaunchScreen.storyboard;
			sourceTree = "<group>";
		};
/* End PBXVariantGroup section */

/* Begin XCBuildConfiguration section */
		4163FB2C1E3BAB25008DA73B /* Debug */ = {
			isa = XCBuildConfiguration;
			buildSettings = {
				ALWAYS_SEARCH_USER_PATHS = NO;
				CLANG_ANALYZER_NONNULL = YES;
				CLANG_CXX_LANGUAGE_STANDARD = "gnu++0x";
				CLANG_CXX_LIBRARY = "libc++";
				CLANG_ENABLE_MODULES = YES;
				CLANG_ENABLE_OBJC_ARC = YES;
				CLANG_WARN_BOOL_CONVERSION = YES;
				CLANG_WARN_CONSTANT_CONVERSION = YES;
				CLANG_WARN_DIRECT_OBJC_ISA_USAGE = YES_ERROR;
				CLANG_WARN_DOCUMENTATION_COMMENTS = YES;
				CLANG_WARN_EMPTY_BODY = YES;
				CLANG_WARN_ENUM_CONVERSION = YES;
				CLANG_WARN_INFINITE_RECURSION = YES;
				CLANG_WARN_INT_CONVERSION = YES;
				CLANG_WARN_OBJC_ROOT_CLASS = YES_ERROR;
				CLANG_WARN_SUSPICIOUS_MOVE = YES;
				CLANG_WARN_UNREACHABLE_CODE = YES;
				CLANG_WARN__DUPLICATE_METHOD_MATCH = YES;
				"CODE_SIGN_IDENTITY[sdk=iphoneos*]" = "iPhone Developer";
				COPY_PHASE_STRIP = NO;
				DEBUG_INFORMATION_FORMAT = dwarf;
				ENABLE_STRICT_OBJC_MSGSEND = YES;
				ENABLE_TESTABILITY = YES;
				GCC_C_LANGUAGE_STANDARD = gnu99;
				GCC_DYNAMIC_NO_PIC = NO;
				GCC_NO_COMMON_BLOCKS = YES;
				GCC_OPTIMIZATION_LEVEL = 0;
				GCC_PREPROCESSOR_DEFINITIONS = (
					"DEBUG=1",
					"$(inherited)",
				);
				GCC_WARN_64_TO_32_BIT_CONVERSION = YES;
				GCC_WARN_ABOUT_RETURN_TYPE = YES_ERROR;
				GCC_WARN_UNDECLARED_SELECTOR = YES;
				GCC_WARN_UNINITIALIZED_AUTOS = YES_AGGRESSIVE;
				GCC_WARN_UNUSED_FUNCTION = YES;
				GCC_WARN_UNUSED_VARIABLE = YES;
				IPHONEOS_DEPLOYMENT_TARGET = 10.2;
				MTL_ENABLE_DEBUG_INFO = YES;
				ONLY_ACTIVE_ARCH = YES;
				SDKROOT = iphoneos;
				SWIFT_ACTIVE_COMPILATION_CONDITIONS = DEBUG;
				SWIFT_OPTIMIZATION_LEVEL = "-Onone";
			};
			name = Debug;
		};
		4163FB2D1E3BAB25008DA73B /* Release */ = {
			isa = XCBuildConfiguration;
			buildSettings = {
				ALWAYS_SEARCH_USER_PATHS = NO;
				CLANG_ANALYZER_NONNULL = YES;
				CLANG_CXX_LANGUAGE_STANDARD = "gnu++0x";
				CLANG_CXX_LIBRARY = "libc++";
				CLANG_ENABLE_MODULES = YES;
				CLANG_ENABLE_OBJC_ARC = YES;
				CLANG_WARN_BOOL_CONVERSION = YES;
				CLANG_WARN_CONSTANT_CONVERSION = YES;
				CLANG_WARN_DIRECT_OBJC_ISA_USAGE = YES_ERROR;
				CLANG_WARN_DOCUMENTATION_COMMENTS = YES;
				CLANG_WARN_EMPTY_BODY = YES;
				CLANG_WARN_ENUM_CONVERSION = YES;
				CLANG_WARN_INFINITE_RECURSION = YES;
				CLANG_WARN_INT_CONVERSION = YES;
				CLANG_WARN_OBJC_ROOT_CLASS = YES_ERROR;
				CLANG_WARN_SUSPICIOUS_MOVE = YES;
				CLANG_WARN_UNREACHABLE_CODE = YES;
				CLANG_WARN__DUPLICATE_METHOD_MATCH = YES;
				"CODE_SIGN_IDENTITY[sdk=iphoneos*]" = "iPhone Developer";
				COPY_PHASE_STRIP = NO;
				DEBUG_INFORMATION_FORMAT = "dwarf-with-dsym";
				ENABLE_NS_ASSERTIONS = NO;
				ENABLE_STRICT_OBJC_MSGSEND = YES;
				GCC_C_LANGUAGE_STANDARD = gnu99;
				GCC_NO_COMMON_BLOCKS = YES;
				GCC_WARN_64_TO_32_BIT_CONVERSION = YES;
				GCC_WARN_ABOUT_RETURN_TYPE = YES_ERROR;
				GCC_WARN_UNDECLARED_SELECTOR = YES;
				GCC_WARN_UNINITIALIZED_AUTOS = YES_AGGRESSIVE;
				GCC_WARN_UNUSED_FUNCTION = YES;
				GCC_WARN_UNUSED_VARIABLE = YES;
				IPHONEOS_DEPLOYMENT_TARGET = 10.2;
				MTL_ENABLE_DEBUG_INFO = NO;
				SDKROOT = iphoneos;
				SWIFT_OPTIMIZATION_LEVEL = "-Owholemodule";
				VALIDATE_PRODUCT = YES;
			};
			name = Release;
		};
		4163FB2F1E3BAB25008DA73B /* Debug */ = {
			isa = XCBuildConfiguration;
			buildSettings = {
				ASSETCATALOG_COMPILER_APPICON_NAME = AppIcon;
				DEVELOPMENT_TEAM = 69CH9UTLK7;
				INFOPLIST_FILE = "Bout Time/Info.plist";
				LD_RUNPATH_SEARCH_PATHS = "$(inherited) @executable_path/Frameworks";
				PRODUCT_BUNDLE_IDENTIFIER = "Moaz.Bout-Time";
				PRODUCT_NAME = "$(TARGET_NAME)";
				SWIFT_VERSION = 3.0;
			};
			name = Debug;
		};
		4163FB301E3BAB25008DA73B /* Release */ = {
			isa = XCBuildConfiguration;
			buildSettings = {
				ASSETCATALOG_COMPILER_APPICON_NAME = AppIcon;
				DEVELOPMENT_TEAM = 69CH9UTLK7;
				INFOPLIST_FILE = "Bout Time/Info.plist";
				LD_RUNPATH_SEARCH_PATHS = "$(inherited) @executable_path/Frameworks";
				PRODUCT_BUNDLE_IDENTIFIER = "Moaz.Bout-Time";
				PRODUCT_NAME = "$(TARGET_NAME)";
				SWIFT_VERSION = 3.0;
			};
			name = Release;
		};
/* End XCBuildConfiguration section */

/* Begin XCConfigurationList section */
		4163FB171E3BAB24008DA73B /* Build configuration list for PBXProject "Bout Time" */ = {
			isa = XCConfigurationList;
			buildConfigurations = (
				4163FB2C1E3BAB25008DA73B /* Debug */,
				4163FB2D1E3BAB25008DA73B /* Release */,
			);
			defaultConfigurationIsVisible = 0;
			defaultConfigurationName = Release;
		};
		4163FB2E1E3BAB25008DA73B /* Build configuration list for PBXNativeTarget "Bout Time" */ = {
			isa = XCConfigurationList;
			buildConfigurations = (
				4163FB2F1E3BAB25008DA73B /* Debug */,
				4163FB301E3BAB25008DA73B /* Release */,
			);
			defaultConfigurationIsVisible = 0;
			defaultConfigurationName = Release;
		};
/* End XCConfigurationList section */
	};
	rootObject = 4163FB141E3BAB24008DA73B /* Project object */;
}
